
Microsoft Visual Studio Solution File, Format Version 12.00
# Visual Studio Version 17
VisualStudioVersion = 17.6.33815.320
MinimumVisualStudioVersion = 10.0.40219.1
Project("{FAE04EC0-301F-11D3-BF4B-00C04F79EFBC}") = "TekCiftKontrol", "TekCiftKontrol\TekCiftKontrol.csproj", "{369C8BA0-8B89-48DF-8F0C-7645B761C725}"
EndProject
Global
	GlobalSection(SolutionConfigurationPlatforms) = preSolution
		Debug|Any CPU = Debug|Any CPU
		Release|Any CPU = Release|Any CPU
	EndGlobalSection
	GlobalSection(ProjectConfigurationPlatforms) = postSolution
		{369C8BA0-8B89-48DF-8F0C-7645B761C725}.Debug|Any CPU.ActiveCfg = Debug|Any CPU
		{369C8BA0-8B89-48DF-8F0C-7645B761C725}.Debug|Any CPU.Build.0 = Debug|Any CPU
		{369C8BA0-8B89-48DF-8F0C-7645B761C725}.Release|Any CPU.ActiveCfg = Release|Any CPU
		{369C8BA0-8B89-48DF-8F0C-7645B761C725}.Release|Any CPU.Build.0 = Release|Any CPU
	EndGlobalSection
	GlobalSection(SolutionProperties) = preSolution
		HideSolutionNode = FALSE
	EndGlobalSection
	GlobalSection(ExtensibilityGlobals) = postSolution
		SolutionGuid = {5D47F40B-A946-457C-BC3C-8BFB86177BAF}
	EndGlobalSection
EndGlobal
